PODS:
  - Locksmith (3.0.0)
  - MarqueeLabel/Swift (3.0.5)
  - SDWebImage (4.0.0):
    - SDWebImage/Core (= 4.0.0)
  - SDWebImage/Core (4.0.0)
  - Zip (0.7.0)

DEPENDENCIES:
  - Locksmith
  - MarqueeLabel/Swift
  - SDWebImage
  - Zip

SPEC CHECKSUMS:
  Locksmith: 310b4cc5031af5728bf4db5d4de547a5100c6a3b
  MarqueeLabel: 8a25b2cf02cf52165022f01369e63536c58fcc00
  SDWebImage: 76a6348bdc74eb5a55dd08a091ef298e56b55e41
  Zip: e34513299ac38c0686d5b24504da7ce343799ab9

PODFILE CHECKSUM: 3dd83afdb850551e2e877ef9bf1da0df92fbd4d8

COCOAPODS: 1.2.1
